// !$*UTF8*$!
{
	archiveVersion = 1;
	classes = {
	};
	objectVersion = 46;
	objects = {

/* Begin PBXBuildFile section */
		58B49C831E4ECD4C00DBE6ED /* cond_ast.cpp in Sources */ = {isa = PBXBuildFile; fileRef = 58B49C801E4ECD4C00DBE6ED /* cond_ast.cpp */; };
		58B49C841E4ECD4C00DBE6ED /* prengine_val.cpp in Sources */ = {isa = PBXBuildFile; fileRef = 58B49C811E4ECD4C00DBE6ED /* prengine_val.cpp */; };
		58B49C851E4ECD4C00DBE6ED /* prengine.cpp in Sources */ = {isa = PBXBuildFile; fileRef = 58B49C821E4ECD4C00DBE6ED /* prengine.cpp */; };
		58B49C891E4ECD6100DBE6ED /* cond_ast.h in Headers */ = {isa = PBXBuildFile; fileRef = 58B49C861E4ECD6100DBE6ED /* cond_ast.h */; };
		58B49C8A1E4ECD6100DBE6ED /* prengine_val.h in Headers */ = {isa = PBXBuildFile; fileRef = 58B49C871E4ECD6100DBE6ED /* prengine_val.h */; };
		58B49C8B1E4ECD6100DBE6ED /* prengine.h in Headers */ = {isa = PBXBuildFile; fileRef = 58B49C881E4ECD6100DBE6ED /* prengine.h */; };
		58B49C8D1E4ED02E00DBE6ED /* libstdc++.tbd in Frameworks */ = {isa = PBXBuildFile; fileRef = 58B49C8C1E4ED02E00DBE6ED /* libstdc++.tbd */; };
/* End PBXBuildFile section */

/* Begin PBXCopyFilesBuildPhase section */
		5826C6E71E4D4CC30037BA83 /* CopyFiles */ = {
			isa = PBXCopyFilesBuildPhase;
			buildActionMask = 2147483647;
			dstPath = "include/$(PRODUCT_NAME)";
			dstSubfolderSpec = 16;
			files = (
			);
			runOnlyForDeploymentPostprocessing = 0;
		};
/* End PBXCopyFilesBuildPhase section */

/* Begin PBXFileReference section */
		5826C6E91E4D4CC30037BA83 /* libprengine.a */ = {isa = PBXFileReference; explicitFileType = archive.ar; includeInIndex = 0; path = libprengine.a; sourceTree = BUILT_PRODUCTS_DIR; };
		58B49C801E4ECD4C00DBE6ED /* cond_ast.cpp */ = {isa = PBXFileReference; lastKnownFileType = sourcecode.cpp.cpp; name = cond_ast.cpp; path = package/cond_ast.cpp; sourceTree = "<group>"; };
		58B49C811E4ECD4C00DBE6ED /* prengine_val.cpp */ = {isa = PBXFileReference; lastKnownFileType = sourcecode.cpp.cpp; name = prengine_val.cpp; path = package/prengine_val.cpp; sourceTree = "<group>"; };
		58B49C821E4ECD4C00DBE6ED /* prengine.cpp */ = {isa = PBXFileReference; lastKnownFileType = sourcecode.cpp.cpp; name = prengine.cpp; path = package/prengine.cpp; sourceTree = "<group>"; };
		58B49C861E4ECD6100DBE6ED /* cond_ast.h */ = {isa = PBXFileReference; lastKnownFileType = sourcecode.c.h; name = cond_ast.h; path = package/cond_ast.h; sourceTree = "<group>"; };
		58B49C871E4ECD6100DBE6ED /* prengine_val.h */ = {isa = PBXFileReference; lastKnownFileType = sourcecode.c.h; name = prengine_val.h; path = package/prengine_val.h; sourceTree = "<group>"; };
		58B49C881E4ECD6100DBE6ED /* prengine.h */ = {isa = PBXFileReference; lastKnownFileType = sourcecode.c.h; name = prengine.h; path = package/prengine.h; sourceTree = "<group>"; };
		58B49C8C1E4ED02E00DBE6ED /* libstdc++.tbd */ = {isa = PBXFileReference; lastKnownFileType = "sourcecode.text-based-dylib-definition"; name = "libstdc++.tbd"; path = "usr/lib/libstdc++.tbd"; sourceTree = SDKROOT; };
/* End PBXFileReference section */

/* Begin PBXFrameworksBuildPhase section */
		5826C6E61E4D4CC30037BA83 /* Frameworks */ = {
			isa = PBXFrameworksBuildPhase;
			buildActionMask = 2147483647;
			files = (
				58B49C8D1E4ED02E00DBE6ED /* libstdc++.tbd in Frameworks */,
			);
			runOnlyForDeploymentPostprocessing = 0;
		};
/* End PBXFrameworksBuildPhase section */

/* Begin PBXGroup section */
		5826C6E01E4D4CC30037BA83 = {
			isa = PBXGroup;
			children = (
				58B49C8C1E4ED02E00DBE6ED /* libstdc++.tbd */,
				58B49C861E4ECD6100DBE6ED /* cond_ast.h */,
				58B49C871E4ECD6100DBE6ED /* prengine_val.h */,
				58B49C881E4ECD6100DBE6ED /* prengine.h */,
				58B49C801E4ECD4C00DBE6ED /* cond_ast.cpp */,
				58B49C811E4ECD4C00DBE6ED /* prengine_val.cpp */,
				58B49C821E4ECD4C00DBE6ED /* prengine.cpp */,
				5826C6EA1E4D4CC30037BA83 /* Products */,
			);
			sourceTree = "<group>";
		};
		5826C6EA1E4D4CC30037BA83 /* Products */ = {
			isa = PBXGroup;
			children = (
				5826C6E91E4D4CC30037BA83 /* libprengine.a */,
			);
			name = Products;
			sourceTree = "<group>";
		};
/* End PBXGroup section */

/* Begin PBXHeadersBuildPhase section */
		58B49C6B1E4EC4E000DBE6ED /* Headers */ = {
			isa = PBXHeadersBuildPhase;
			buildActionMask = 2147483647;
			files = (
				58B49C891E4ECD6100DBE6ED /* cond_ast.h in Headers */,
				58B49C8A1E4ECD6100DBE6ED /* prengine_val.h in Headers */,
				58B49C8B1E4ECD6100DBE6ED /* prengine.h in Headers */,
			);
			runOnlyForDeploymentPostprocessing = 0;
		};
/* End PBXHeadersBuildPhase section */

/* Begin PBXNativeTarget section */
		5826C6E81E4D4CC30037BA83 /* prengine */ = {
			isa = PBXNativeTarget;
			buildConfigurationList = 5826C6F21E4D4CC30037BA83 /* Build configuration list for PBXNativeTarget "prengine" */;
			buildPhases = (
				5826C6E51E4D4CC30037BA83 /* Sources */,
				5826C6E61E4D4CC30037BA83 /* Frameworks */,
				5826C6E71E4D4CC30037BA83 /* CopyFiles */,
				58B49C6B1E4EC4E000DBE6ED /* Headers */,
			);
			buildRules = (
			);
			dependencies = (
			);
			name = prengine;
			productName = prengine;
			productReference = 5826C6E91E4D4CC30037BA83 /* libprengine.a */;
			productType = "com.apple.product-type.library.static";
		};
/* End PBXNativeTarget section */

/* Begin PBXProject section */
		5826C6E11E4D4CC30037BA83 /* Project object */ = {
			isa = PBXProject;
			attributes = {
				LastUpgradeCheck = 0730;
				ORGANIZATIONNAME = ris;
				TargetAttributes = {
					5826C6E81E4D4CC30037BA83 = {
						CreatedOnToolsVersion = 7.3.1;
					};
				};
			};
			buildConfigurationList = 5826C6E41E4D4CC30037BA83 /* Build configuration list for PBXProject "prengine" */;
			compatibilityVersion = "Xcode 3.2";
			developmentRegion = English;
			hasScannedForEncodings = 0;
			knownRegions = (
				en,
			);
			mainGroup = 5826C6E01E4D4CC30037BA83;
			productRefGroup = 5826C6EA1E4D4CC30037BA83 /* Products */;
			projectDirPath = "";
			projectRoot = "";
			targets = (
				5826C6E81E4D4CC30037BA83 /* prengine */,
			);
		};
/* End PBXProject section */

/* Begin PBXSourcesBuildPhase section */
		5826C6E51E4D4CC30037BA83 /* Sources */ = {
			isa = PBXSourcesBuildPhase;
			buildActionMask = 2147483647;
			files = (
				58B49C831E4ECD4C00DBE6ED /* cond_ast.cpp in Sources */,
				58B49C841E4ECD4C00DBE6ED /* prengine_val.cpp in Sources */,
				58B49C851E4ECD4C00DBE6ED /* prengine.cpp in Sources */,
			);
			runOnlyForDeploymentPostprocessing = 0;
		};
/* End PBXSourcesBuildPhase section */

/* Begin XCBuildConfiguration section */
		5826C6F01E4D4CC30037BA83 /* Debug */ = {
			isa = XCBuildConfiguration;
			buildSettings = {
				ALWAYS_SEARCH_USER_PATHS = NO;
				CLANG_ANALYZER_NONNULL = YES;
				CLANG_CXX_LANGUAGE_STANDARD = "gnu++0x";
				CLANG_CXX_LIBRARY = "libc++";
				CLANG_ENABLE_MODULES = YES;
				CLANG_ENABLE_OBJC_ARC = YES;
				CLANG_WARN_BOOL_CONVERSION = YES;
				CLANG_WARN_CONSTANT_CONVERSION = YES;
				CLANG_WARN_DIRECT_OBJC_ISA_USAGE = YES_ERROR;
				CLANG_WARN_EMPTY_BODY = YES;
				CLANG_WARN_ENUM_CONVERSION = YES;
				CLANG_WARN_INT_CONVERSION = YES;
				CLANG_WARN_OBJC_ROOT_CLASS = YES_ERROR;
				CLANG_WARN_UNREACHABLE_CODE = YES;
				CLANG_WARN__DUPLICATE_METHOD_MATCH = YES;
				"CODE_SIGN_IDENTITY[sdk=iphoneos*]" = "iPhone Developer";
				COPY_PHASE_STRIP = NO;
				DEBUG_INFORMATION_FORMAT = dwarf;
				ENABLE_STRICT_OBJC_MSGSEND = YES;
				ENABLE_TESTABILITY = YES;
				GCC_C_LANGUAGE_STANDARD = gnu99;
				GCC_DYNAMIC_NO_PIC = NO;
				GCC_NO_COMMON_BLOCKS = YES;
				GCC_OPTIMIZATION_LEVEL = 0;
				GCC_PREPROCESSOR_DEFINITIONS = (
					"DEBUG=1",
					"$(inherited)",
				);
				GCC_WARN_64_TO_32_BIT_CONVERSION = YES;
				GCC_WARN_ABOUT_RETURN_TYPE = YES_ERROR;
				GCC_WARN_UNDECLARED_SELECTOR = YES;
				GCC_WARN_UNINITIALIZED_AUTOS = YES_AGGRESSIVE;
				GCC_WARN_UNUSED_FUNCTION = YES;
				GCC_WARN_UNUSED_VARIABLE = YES;
				IPHONEOS_DEPLOYMENT_TARGET = 9.3;
				MTL_ENABLE_DEBUG_INFO = YES;
				ONLY_ACTIVE_ARCH = YES;
				SDKROOT = iphoneos;
			};
			name = Debug;
		};
		5826C6F11E4D4CC30037BA83 /* Release */ = {
			isa = XCBuildConfiguration;
			buildSettings = {
				ALWAYS_SEARCH_USER_PATHS = NO;
				CLANG_ANALYZER_NONNULL = YES;
				CLANG_CXX_LANGUAGE_STANDARD = "gnu++0x";
				CLANG_CXX_LIBRARY = "libc++";
				CLANG_ENABLE_MODULES = YES;
				CLANG_ENABLE_OBJC_ARC = YES;
				CLANG_WARN_BOOL_CONVERSION = YES;
				CLANG_WARN_CONSTANT_CONVERSION = YES;
				CLANG_WARN_DIRECT_OBJC_ISA_USAGE = YES_ERROR;
				CLANG_WARN_EMPTY_BODY = YES;
				CLANG_WARN_ENUM_CONVERSION = YES;
				CLANG_WARN_INT_CONVERSION = YES;
				CLANG_WARN_OBJC_ROOT_CLASS = YES_ERROR;
				CLANG_WARN_UNREACHABLE_CODE = YES;
				CLANG_WARN__DUPLICATE_METHOD_MATCH = YES;
				"CODE_SIGN_IDENTITY[sdk=iphoneos*]" = "iPhone Developer";
				COPY_PHASE_STRIP = NO;
				DEBUG_INFORMATION_FORMAT = "dwarf-with-dsym";
				ENABLE_NS_ASSERTIONS = NO;
				ENABLE_STRICT_OBJC_MSGSEND = YES;
				GCC_C_LANGUAGE_STANDARD = gnu99;
				GCC_NO_COMMON_BLOCKS = YES;
				GCC_WARN_64_TO_32_BIT_CONVERSION = YES;
				GCC_WARN_ABOUT_RETURN_TYPE = YES_ERROR;
				GCC_WARN_UNDECLARED_SELECTOR = YES;
				GCC_WARN_UNINITIALIZED_AUTOS = YES_AGGRESSIVE;
				GCC_WARN_UNUSED_FUNCTION = YES;
				GCC_WARN_UNUSED_VARIABLE = YES;
				IPHONEOS_DEPLOYMENT_TARGET = 9.3;
				MTL_ENABLE_DEBUG_INFO = NO;
				SDKROOT = iphoneos;
				VALIDATE_PRODUCT = YES;
			};
			name = Release;
		};
		5826C6F31E4D4CC30037BA83 /* Debug */ = {
			isa = XCBuildConfiguration;
			buildSettings = {
				LIBRARY_SEARCH_PATHS = (
					"$(inherited)",
					"$(PROJECT_DIR)/prengine/package/bin",
				);
				OTHER_LDFLAGS = "-ObjC";
				PRODUCT_NAME = "$(TARGET_NAME)";
				SKIP_INSTALL = YES;
				VALID_ARCHS = "arm64 armv7 armv7s";
			};
			name = Debug;
		};
		5826C6F41E4D4CC30037BA83 /* Release */ = {
			isa = XCBuildConfiguration;
			buildSettings = {
				LIBRARY_SEARCH_PATHS = (
					"$(inherited)",
					"$(PROJECT_DIR)/prengine/package/bin",
				);
				OTHER_LDFLAGS = "-ObjC";
				PRODUCT_NAME = "$(TARGET_NAME)";
				SKIP_INSTALL = YES;
				VALID_ARCHS = "arm64 armv7 armv7s";
			};
			name = Release;
		};
/* End XCBuildConfiguration section */

/* Begin XCConfigurationList section */
		5826C6E41E4D4CC30037BA83 /* Build configuration list for PBXProject "prengine" */ = {
			isa = XCConfigurationList;
			buildConfigurations = (
				5826C6F01E4D4CC30037BA83 /* Debug */,
				5826C6F11E4D4CC30037BA83 /* Release */,
			);
			defaultConfigurationIsVisible = 0;
			defaultConfigurationName = Release;
		};
		5826C6F21E4D4CC30037BA83 /* Build configuration list for PBXNativeTarget "prengine" */ = {
			isa = XCConfigurationList;
			buildConfigurations = (
				5826C6F31E4D4CC30037BA83 /* Debug */,
				5826C6F41E4D4CC30037BA83 /* Release */,
			);
			defaultConfigurationIsVisible = 0;
			defaultConfigurationName = Release;
		};
/* End XCConfigurationList section */
	};
	rootObject = 5826C6E11E4D4CC30037BA83 /* Project object */;
}
